
Microsoft Visual Studio Solution File, Format Version 12.00
# Visual Studio 15
VisualStudioVersion = 15.0.28010.2003
MinimumVisualStudioVersion = 10.0.40219.1
Project("{FAE04EC0-301F-11D3-BF4B-00C04F79EFBC}") = "HelloNode", "HelloNode\HelloNode.csproj", "{18B9F706-711B-48F9-9524-74B13CD1D623}"
EndProject
Project("{FAE04EC0-301F-11D3-BF4B-00C04F79EFBC}") = "ZeroTouchSandbox", "ZeroTouchSandbox\ZeroTouchSandbox.csproj", "{54BF37C9-A65C-4B64-A4DE-5BADA80A0641}"
EndProject
Global
	GlobalSection(SolutionConfigurationPlatforms) = preSolution
		Debug|Any CPU = Debug|Any CPU
		Release|Any CPU = Release|Any CPU
	EndGlobalSection
	GlobalSection(ProjectConfigurationPlatforms) = postSolution
		{18B9F706-711B-48F9-9524-74B13CD1D623}.Debug|Any CPU.ActiveCfg = Debug|Any CPU
		{18B9F706-711B-48F9-9524-74B13CD1D623}.Debug|Any CPU.Build.0 = Debug|Any CPU
		{18B9F706-711B-48F9-9524-74B13CD1D623}.Release|Any CPU.ActiveCfg = Release|Any CPU
		{18B9F706-711B-48F9-9524-74B13CD1D623}.Release|Any CPU.Build.0 = Release|Any CPU
		{54BF37C9-A65C-4B64-A4DE-5BADA80A0641}.Debug|Any CPU.ActiveCfg = Debug|Any CPU
		{54BF37C9-A65C-4B64-A4DE-5BADA80A0641}.Debug|Any CPU.Build.0 = Debug|Any CPU
		{54BF37C9-A65C-4B64-A4DE-5BADA80A0641}.Release|Any CPU.ActiveCfg = Release|Any CPU
		{54BF37C9-A65C-4B64-A4DE-5BADA80A0641}.Release|Any CPU.Build.0 = Release|Any CPU
	EndGlobalSection
	GlobalSection(SolutionProperties) = preSolution
		HideSolutionNode = FALSE
	EndGlobalSection
	GlobalSection(ExtensibilityGlobals) = postSolution
		SolutionGuid = {5435D97B-072C-4BAA-8515-6F1E8F748177}
	EndGlobalSection
EndGlobal
